
Microsoft Visual Studio Solution File, Format Version 12.00
# Visual Studio Version 17
VisualStudioVersion = 17.9.34723.18
MinimumVisualStudioVersion = 10.0.40219.1
Project("{9A19103F-16F7-4668-BE54-9A1E7A4F7556}") = "Net 06. Deconstructing", "Net 06. Deconstructing, Null Indexers, operator overloading\Net 06. Deconstructing.csproj", "{1B4ADACE-3A41-4739-9EC1-9834710C7445}"
EndProject
Project("{2150E333-8FDC-42A3-9474-1A3956D46DE8}") = ".Net 06", ".Net 06", "{B420862E-F125-4BA7-97EE-0023033C4A56}"
EndProject
Project("{2150E333-8FDC-42A3-9474-1A3956D46DE8}") = ".Net 07", ".Net 07", "{E48AC995-DEC6-4304-A410-B8D1C24313AF}"
EndProject
Project("{9A19103F-16F7-4668-BE54-9A1E7A4F7556}") = "Net 07. Null conditional, null coalesing", "Net 07. Null conditional, null coalesing\Net 07. Null conditional, null coalesing.csproj", "{E62F5887-96B9-4259-A973-36D019CE6E41}"
EndProject
Project("{9A19103F-16F7-4668-BE54-9A1E7A4F7556}") = "Net 07. Operator overloading", "Net 07. Operator overloading\Net 07. Operator overloading.csproj", "{61A31BA5-12BC-414C-BAE0-BA46514B0D77}"
EndProject
Project("{2150E333-8FDC-42A3-9474-1A3956D46DE8}") = ".Net 08", ".Net 08", "{3E1C4047-045F-435C-AD03-6410CA5FAE3A}"
EndProject
Project("{9A19103F-16F7-4668-BE54-9A1E7A4F7556}") = "Net 08. Indexers", "Net 08. Indexers\Net 08. Indexers.csproj", "{2584E101-EDCF-4D3A-8A65-3CF282C7B89E}"
EndProject
Project("{9A19103F-16F7-4668-BE54-9A1E7A4F7556}") = "Net 08. Inheritance", "Net 08. Inheritance\Net 08. Inheritance.csproj", "{7D969DAE-08D9-4B99-BB5C-C7DBA8C45A99}"
EndProject
Project("{9A19103F-16F7-4668-BE54-9A1E7A4F7556}") = "Net 08. Polymorphism", "Net 08. Polymorphism\Net 08. Polymorphism.csproj", "{B313AEF2-4D14-4108-9C15-88272450D1A3}"
EndProject
Project("{2150E333-8FDC-42A3-9474-1A3956D46DE8}") = ".NET 09", ".NET 09", "{C7FAD414-C523-460C-B81E-97868A87F916}"
EndProject
Project("{FAE04EC0-301F-11D3-BF4B-00C04F79EFBC}") = "NET 09. Abstract class", "NET 09. Abstract class\NET 09. Abstract class.csproj", "{AA0515F3-B697-44FC-80EE-87EE530ED02D}"
EndProject
Global
	GlobalSection(SolutionConfigurationPlatforms) = preSolution
		Debug|Any CPU = Debug|Any CPU
		Release|Any CPU = Release|Any CPU
	EndGlobalSection
	GlobalSection(ProjectConfigurationPlatforms) = postSolution
		{1B4ADACE-3A41-4739-9EC1-9834710C7445}.Debug|Any CPU.ActiveCfg = Debug|Any CPU
		{1B4ADACE-3A41-4739-9EC1-9834710C7445}.Debug|Any CPU.Build.0 = Debug|Any CPU
		{1B4ADACE-3A41-4739-9EC1-9834710C7445}.Release|Any CPU.ActiveCfg = Release|Any CPU
		{1B4ADACE-3A41-4739-9EC1-9834710C7445}.Release|Any CPU.Build.0 = Release|Any CPU
		{E62F5887-96B9-4259-A973-36D019CE6E41}.Debug|Any CPU.ActiveCfg = Debug|Any CPU
		{E62F5887-96B9-4259-A973-36D019CE6E41}.Debug|Any CPU.Build.0 = Debug|Any CPU
		{E62F5887-96B9-4259-A973-36D019CE6E41}.Release|Any CPU.ActiveCfg = Release|Any CPU
		{E62F5887-96B9-4259-A973-36D019CE6E41}.Release|Any CPU.Build.0 = Release|Any CPU
		{61A31BA5-12BC-414C-BAE0-BA46514B0D77}.Debug|Any CPU.ActiveCfg = Debug|Any CPU
		{61A31BA5-12BC-414C-BAE0-BA46514B0D77}.Debug|Any CPU.Build.0 = Debug|Any CPU
		{61A31BA5-12BC-414C-BAE0-BA46514B0D77}.Release|Any CPU.ActiveCfg = Release|Any CPU
		{61A31BA5-12BC-414C-BAE0-BA46514B0D77}.Release|Any CPU.Build.0 = Release|Any CPU
		{2584E101-EDCF-4D3A-8A65-3CF282C7B89E}.Debug|Any CPU.ActiveCfg = Debug|Any CPU
		{2584E101-EDCF-4D3A-8A65-3CF282C7B89E}.Debug|Any CPU.Build.0 = Debug|Any CPU
		{2584E101-EDCF-4D3A-8A65-3CF282C7B89E}.Release|Any CPU.ActiveCfg = Release|Any CPU
		{2584E101-EDCF-4D3A-8A65-3CF282C7B89E}.Release|Any CPU.Build.0 = Release|Any CPU
		{7D969DAE-08D9-4B99-BB5C-C7DBA8C45A99}.Debug|Any CPU.ActiveCfg = Debug|Any CPU
		{7D969DAE-08D9-4B99-BB5C-C7DBA8C45A99}.Debug|Any CPU.Build.0 = Debug|Any CPU
		{7D969DAE-08D9-4B99-BB5C-C7DBA8C45A99}.Release|Any CPU.ActiveCfg = Release|Any CPU
		{7D969DAE-08D9-4B99-BB5C-C7DBA8C45A99}.Release|Any CPU.Build.0 = Release|Any CPU
		{B313AEF2-4D14-4108-9C15-88272450D1A3}.Debug|Any CPU.ActiveCfg = Debug|Any CPU
		{B313AEF2-4D14-4108-9C15-88272450D1A3}.Debug|Any CPU.Build.0 = Debug|Any CPU
		{B313AEF2-4D14-4108-9C15-88272450D1A3}.Release|Any CPU.ActiveCfg = Release|Any CPU
		{B313AEF2-4D14-4108-9C15-88272450D1A3}.Release|Any CPU.Build.0 = Release|Any CPU
		{AA0515F3-B697-44FC-80EE-87EE530ED02D}.Debug|Any CPU.ActiveCfg = Debug|Any CPU
		{AA0515F3-B697-44FC-80EE-87EE530ED02D}.Debug|Any CPU.Build.0 = Debug|Any CPU
		{AA0515F3-B697-44FC-80EE-87EE530ED02D}.Release|Any CPU.ActiveCfg = Release|Any CPU
		{AA0515F3-B697-44FC-80EE-87EE530ED02D}.Release|Any CPU.Build.0 = Release|Any CPU
	EndGlobalSection
	GlobalSection(SolutionProperties) = preSolution
		HideSolutionNode = FALSE
	EndGlobalSection
	GlobalSection(NestedProjects) = preSolution
		{1B4ADACE-3A41-4739-9EC1-9834710C7445} = {B420862E-F125-4BA7-97EE-0023033C4A56}
		{E62F5887-96B9-4259-A973-36D019CE6E41} = {E48AC995-DEC6-4304-A410-B8D1C24313AF}
		{61A31BA5-12BC-414C-BAE0-BA46514B0D77} = {E48AC995-DEC6-4304-A410-B8D1C24313AF}
		{2584E101-EDCF-4D3A-8A65-3CF282C7B89E} = {3E1C4047-045F-435C-AD03-6410CA5FAE3A}
		{7D969DAE-08D9-4B99-BB5C-C7DBA8C45A99} = {3E1C4047-045F-435C-AD03-6410CA5FAE3A}
		{B313AEF2-4D14-4108-9C15-88272450D1A3} = {3E1C4047-045F-435C-AD03-6410CA5FAE3A}
		{AA0515F3-B697-44FC-80EE-87EE530ED02D} = {C7FAD414-C523-460C-B81E-97868A87F916}
	EndGlobalSection
	GlobalSection(ExtensibilityGlobals) = postSolution
		SolutionGuid = {8DE16433-72D2-405C-874D-1AF7C6C48BF0}
	EndGlobalSection
EndGlobal
