
Microsoft Visual Studio Solution File, Format Version 12.00
# Visual Studio Version 17
VisualStudioVersion = 17.9.34723.18
MinimumVisualStudioVersion = 10.0.40219.1
Project("{FAE04EC0-301F-11D3-BF4B-00C04F79EFBC}") = "Net 06. Deconstructing", "Net 06. Deconstructing, Null Indexers, operator overloading\Net 06. Deconstructing.csproj", "{1B4ADACE-3A41-4739-9EC1-9834710C7445}"
EndProject
Global
	GlobalSection(SolutionConfigurationPlatforms) = preSolution
		Debug|Any CPU = Debug|Any CPU
		Release|Any CPU = Release|Any CPU
	EndGlobalSection
	GlobalSection(ProjectConfigurationPlatforms) = postSolution
		{1B4ADACE-3A41-4739-9EC1-9834710C7445}.Debug|Any CPU.ActiveCfg = Debug|Any CPU
		{1B4ADACE-3A41-4739-9EC1-9834710C7445}.Debug|Any CPU.Build.0 = Debug|Any CPU
		{1B4ADACE-3A41-4739-9EC1-9834710C7445}.Release|Any CPU.ActiveCfg = Release|Any CPU
		{1B4ADACE-3A41-4739-9EC1-9834710C7445}.Release|Any CPU.Build.0 = Release|Any CPU
	EndGlobalSection
	GlobalSection(SolutionProperties) = preSolution
		HideSolutionNode = FALSE
	EndGlobalSection
	GlobalSection(ExtensibilityGlobals) = postSolution
		SolutionGuid = {8DE16433-72D2-405C-874D-1AF7C6C48BF0}
	EndGlobalSection
EndGlobal
