
Microsoft Visual Studio Solution File, Format Version 12.00
# Visual Studio Version 17
VisualStudioVersion = 17.9.34723.18
MinimumVisualStudioVersion = 10.0.40219.1
Project("{9A19103F-16F7-4668-BE54-9A1E7A4F7556}") = "Net 06. Deconstructing", "Net 06. Deconstructing, Null Indexers, operator overloading\Net 06. Deconstructing.csproj", "{1B4ADACE-3A41-4739-9EC1-9834710C7445}"
EndProject
Project("{2150E333-8FDC-42A3-9474-1A3956D46DE8}") = ".Net 06", ".Net 06", "{B420862E-F125-4BA7-97EE-0023033C4A56}"
EndProject
Project("{2150E333-8FDC-42A3-9474-1A3956D46DE8}") = ".Net 07", ".Net 07", "{E48AC995-DEC6-4304-A410-B8D1C24313AF}"
EndProject
Project("{9A19103F-16F7-4668-BE54-9A1E7A4F7556}") = "Net 07. Null conditional, null coalesing", "Net 07. Null conditional, null coalesing\Net 07. Null conditional, null coalesing.csproj", "{E62F5887-96B9-4259-A973-36D019CE6E41}"
EndProject
Project("{9A19103F-16F7-4668-BE54-9A1E7A4F7556}") = "Net 07. Operator overloading", "Net 07. Operator overloading\Net 07. Operator overloading.csproj", "{61A31BA5-12BC-414C-BAE0-BA46514B0D77}"
EndProject
Project("{2150E333-8FDC-42A3-9474-1A3956D46DE8}") = ".Net 08", ".Net 08", "{3E1C4047-045F-435C-AD03-6410CA5FAE3A}"
EndProject
Project("{9A19103F-16F7-4668-BE54-9A1E7A4F7556}") = "Net 08. Indexers", "Net 08. Indexers\Net 08. Indexers.csproj", "{2584E101-EDCF-4D3A-8A65-3CF282C7B89E}"
EndProject
Project("{9A19103F-16F7-4668-BE54-9A1E7A4F7556}") = "Net 08. Inheritance", "Net 08. Inheritance\Net 08. Inheritance.csproj", "{7D969DAE-08D9-4B99-BB5C-C7DBA8C45A99}"
EndProject
Project("{9A19103F-16F7-4668-BE54-9A1E7A4F7556}") = "Net 08. Polymorphism", "Net 08. Polymorphism\Net 08. Polymorphism.csproj", "{B313AEF2-4D14-4108-9C15-88272450D1A3}"
EndProject
Project("{2150E333-8FDC-42A3-9474-1A3956D46DE8}") = ".NET 09", ".NET 09", "{C7FAD414-C523-460C-B81E-97868A87F916}"
EndProject
Project("{9A19103F-16F7-4668-BE54-9A1E7A4F7556}") = "NET 09. Abstract class", "NET 09. Abstract class\NET 09. Abstract class.csproj", "{AA0515F3-B697-44FC-80EE-87EE530ED02D}"
EndProject
Project("{9A19103F-16F7-4668-BE54-9A1E7A4F7556}") = "NET 09. Interfaces", "NET 09. Interfaces\NET 09. Interfaces.csproj", "{7F6C03A9-5221-4B01-B1CA-36F078227D74}"
EndProject
Project("{9A19103F-16F7-4668-BE54-9A1E7A4F7556}") = "Net 09. Interface example", "Net 09. Interface example\Net 09. Interface example.csproj", "{3E66AC49-1356-40FF-9D22-290DBF1B8EE7}"
EndProject
Project("{9A19103F-16F7-4668-BE54-9A1E7A4F7556}") = "Net 09. Interface explicitly implementation", "Net 09. Interface explicitly implementation\Net 09. Interface explicitly implementation.csproj", "{BDE7C66D-4AE2-420F-96AA-6F07E98AC1A1}"
EndProject
Project("{9A19103F-16F7-4668-BE54-9A1E7A4F7556}") = "NET 09. Delegates", "NET 09. Delegates\NET 09. Delegates.csproj", "{8F717EF7-55D5-4481-8D0D-DE604406997D}"
EndProject
Project("{2150E333-8FDC-42A3-9474-1A3956D46DE8}") = ".NET 10", ".NET 10", "{EB29A39D-02F3-47A3-A496-838D09A45C7D}"
EndProject
Project("{9A19103F-16F7-4668-BE54-9A1E7A4F7556}") = "NET 10. Multicast delegates", "NET 10. Multicast delegates\NET 10. Multicast delegates.csproj", "{DFAF5A25-B4CF-4E2D-A13C-08434B1E28A5}"
EndProject
Project("{9A19103F-16F7-4668-BE54-9A1E7A4F7556}") = "NET 10. Standard delegates", "NET 10. Standard delegates\NET 10. Standard delegates.csproj", "{EE456842-B78F-4B86-91D6-6887755467F8}"
EndProject
Project("{9A19103F-16F7-4668-BE54-9A1E7A4F7556}") = "NET 10. Standard interfaces", "NET 10. Standard interfaceses\NET 10. Standard interfaces.csproj", "{FEF81728-F356-4A1B-8D90-D1472F478D8E}"
EndProject
Project("{2150E333-8FDC-42A3-9474-1A3956D46DE8}") = ".NET 11", ".NET 11", "{0638E0A7-2809-4653-8BC4-9CA1572E46B5}"
EndProject
Project("{9A19103F-16F7-4668-BE54-9A1E7A4F7556}") = "Net 11. Events", "Net 11. Events\Net 11. Events.csproj", "{DAFF001C-D7A2-46A7-953A-25D837010415}"
EndProject
Project("{9A19103F-16F7-4668-BE54-9A1E7A4F7556}") = "NET 11. Events with WinForms", "NET 11. Events with WinForms\NET 11. Events with WinForms.csproj", "{B2A9930F-88C8-453E-B305-2326A3DCA5EE}"
EndProject
Project("{9A19103F-16F7-4668-BE54-9A1E7A4F7556}") = "NET 11. Events Add and Remove", "NET 11. Events Add and Remove\NET 11. Events Add and Remove.csproj", "{C115CA1E-6293-40F2-83EB-DD5A597760AB}"
EndProject
Project("{9A19103F-16F7-4668-BE54-9A1E7A4F7556}") = "Net 11. EventArgs", "Net 11. EventArgs\Net 11. EventArgs.csproj", "{3E8043B3-40B5-448D-825F-C6DEFA6BF6B4}"
EndProject
Project("{2150E333-8FDC-42A3-9474-1A3956D46DE8}") = ".NET 12", ".NET 12", "{017104F6-C4E4-458A-A3A2-32BB2DA776F0}"
EndProject
Project("{9A19103F-16F7-4668-BE54-9A1E7A4F7556}") = "Net 12. Collections", "Net 12. Collections\Net 12. Collections.csproj", "{4FB1A537-8E78-4079-A0DE-E98C8F91E3B0}"
EndProject
Project("{9A19103F-16F7-4668-BE54-9A1E7A4F7556}") = "Net 12. Boxing, unboxing", "Net 12. Boxing, unboxing\Net 12. Boxing, unboxing.csproj", "{C55086BB-7490-49E5-A26A-B5C35A0E7B15}"
EndProject
Project("{9A19103F-16F7-4668-BE54-9A1E7A4F7556}") = "Net 12. Generic", "Net 12. Generic\Net 12. Generic.csproj", "{F2E964D8-82BD-466E-9787-4FE5D81B5190}"
EndProject
Project("{9A19103F-16F7-4668-BE54-9A1E7A4F7556}") = "Net 12. Generic collections", "Net 12. Generic collections\Net 12. Generic collections.csproj", "{C667CBAF-E737-41AC-B565-2551EBCF6308}"
EndProject
Project("{9A19103F-16F7-4668-BE54-9A1E7A4F7556}") = "Net 12. Generic vs Non Generic collections", "Net 12. Generic vs Non Generic collections\Net 12. Generic vs Non Generic collections.csproj", "{7628A5EA-AB19-43BD-83C9-7BF31B0DD30A}"
EndProject
Project("{2150E333-8FDC-42A3-9474-1A3956D46DE8}") = ".NET 13", ".NET 13", "{0B72468F-2B55-4790-B08B-9D0ADCB539E2}"
EndProject
Project("{FAE04EC0-301F-11D3-BF4B-00C04F79EFBC}") = "Net 13. LINQ", "Net 13. LINQ\Net 13. LINQ.csproj", "{55798159-A941-4D1D-A245-BAD0B3331A95}"
EndProject
Project("{FAE04EC0-301F-11D3-BF4B-00C04F79EFBC}") = "Net 13. LINQ join", "Net 13. LINQ join\Net 13. LINQ join.csproj", "{E0BB170B-4CD9-418A-80EB-092E794FB74D}"
EndProject
Project("{FAE04EC0-301F-11D3-BF4B-00C04F79EFBC}") = "Net 13. Anonymus methods, Lambda expression", "Net 13. Anonymus methods, Lambda expression\Net 13. Anonymus methods, Lambda expression.csproj", "{5D1C5842-60A3-4F48-9C07-0CE12EB2606F}"
EndProject
Project("{FAE04EC0-301F-11D3-BF4B-00C04F79EFBC}") = "Net 13. LINQ methods", "Net 13. LINQ methods\Net 13. LINQ methods.csproj", "{05E4CF8F-121A-4F0D-B7CB-4FCE9924B877}"
EndProject
Global
	GlobalSection(SolutionConfigurationPlatforms) = preSolution
		Debug|Any CPU = Debug|Any CPU
		Release|Any CPU = Release|Any CPU
	EndGlobalSection
	GlobalSection(ProjectConfigurationPlatforms) = postSolution
		{1B4ADACE-3A41-4739-9EC1-9834710C7445}.Debug|Any CPU.ActiveCfg = Debug|Any CPU
		{1B4ADACE-3A41-4739-9EC1-9834710C7445}.Debug|Any CPU.Build.0 = Debug|Any CPU
		{1B4ADACE-3A41-4739-9EC1-9834710C7445}.Release|Any CPU.ActiveCfg = Release|Any CPU
		{1B4ADACE-3A41-4739-9EC1-9834710C7445}.Release|Any CPU.Build.0 = Release|Any CPU
		{E62F5887-96B9-4259-A973-36D019CE6E41}.Debug|Any CPU.ActiveCfg = Debug|Any CPU
		{E62F5887-96B9-4259-A973-36D019CE6E41}.Debug|Any CPU.Build.0 = Debug|Any CPU
		{E62F5887-96B9-4259-A973-36D019CE6E41}.Release|Any CPU.ActiveCfg = Release|Any CPU
		{E62F5887-96B9-4259-A973-36D019CE6E41}.Release|Any CPU.Build.0 = Release|Any CPU
		{61A31BA5-12BC-414C-BAE0-BA46514B0D77}.Debug|Any CPU.ActiveCfg = Debug|Any CPU
		{61A31BA5-12BC-414C-BAE0-BA46514B0D77}.Debug|Any CPU.Build.0 = Debug|Any CPU
		{61A31BA5-12BC-414C-BAE0-BA46514B0D77}.Release|Any CPU.ActiveCfg = Release|Any CPU
		{61A31BA5-12BC-414C-BAE0-BA46514B0D77}.Release|Any CPU.Build.0 = Release|Any CPU
		{2584E101-EDCF-4D3A-8A65-3CF282C7B89E}.Debug|Any CPU.ActiveCfg = Debug|Any CPU
		{2584E101-EDCF-4D3A-8A65-3CF282C7B89E}.Debug|Any CPU.Build.0 = Debug|Any CPU
		{2584E101-EDCF-4D3A-8A65-3CF282C7B89E}.Release|Any CPU.ActiveCfg = Release|Any CPU
		{2584E101-EDCF-4D3A-8A65-3CF282C7B89E}.Release|Any CPU.Build.0 = Release|Any CPU
		{7D969DAE-08D9-4B99-BB5C-C7DBA8C45A99}.Debug|Any CPU.ActiveCfg = Debug|Any CPU
		{7D969DAE-08D9-4B99-BB5C-C7DBA8C45A99}.Debug|Any CPU.Build.0 = Debug|Any CPU
		{7D969DAE-08D9-4B99-BB5C-C7DBA8C45A99}.Release|Any CPU.ActiveCfg = Release|Any CPU
		{7D969DAE-08D9-4B99-BB5C-C7DBA8C45A99}.Release|Any CPU.Build.0 = Release|Any CPU
		{B313AEF2-4D14-4108-9C15-88272450D1A3}.Debug|Any CPU.ActiveCfg = Debug|Any CPU
		{B313AEF2-4D14-4108-9C15-88272450D1A3}.Debug|Any CPU.Build.0 = Debug|Any CPU
		{B313AEF2-4D14-4108-9C15-88272450D1A3}.Release|Any CPU.ActiveCfg = Release|Any CPU
		{B313AEF2-4D14-4108-9C15-88272450D1A3}.Release|Any CPU.Build.0 = Release|Any CPU
		{AA0515F3-B697-44FC-80EE-87EE530ED02D}.Debug|Any CPU.ActiveCfg = Debug|Any CPU
		{AA0515F3-B697-44FC-80EE-87EE530ED02D}.Debug|Any CPU.Build.0 = Debug|Any CPU
		{AA0515F3-B697-44FC-80EE-87EE530ED02D}.Release|Any CPU.ActiveCfg = Release|Any CPU
		{AA0515F3-B697-44FC-80EE-87EE530ED02D}.Release|Any CPU.Build.0 = Release|Any CPU
		{7F6C03A9-5221-4B01-B1CA-36F078227D74}.Debug|Any CPU.ActiveCfg = Debug|Any CPU
		{7F6C03A9-5221-4B01-B1CA-36F078227D74}.Debug|Any CPU.Build.0 = Debug|Any CPU
		{7F6C03A9-5221-4B01-B1CA-36F078227D74}.Release|Any CPU.ActiveCfg = Release|Any CPU
		{7F6C03A9-5221-4B01-B1CA-36F078227D74}.Release|Any CPU.Build.0 = Release|Any CPU
		{3E66AC49-1356-40FF-9D22-290DBF1B8EE7}.Debug|Any CPU.ActiveCfg = Debug|Any CPU
		{3E66AC49-1356-40FF-9D22-290DBF1B8EE7}.Debug|Any CPU.Build.0 = Debug|Any CPU
		{3E66AC49-1356-40FF-9D22-290DBF1B8EE7}.Release|Any CPU.ActiveCfg = Release|Any CPU
		{3E66AC49-1356-40FF-9D22-290DBF1B8EE7}.Release|Any CPU.Build.0 = Release|Any CPU
		{BDE7C66D-4AE2-420F-96AA-6F07E98AC1A1}.Debug|Any CPU.ActiveCfg = Debug|Any CPU
		{BDE7C66D-4AE2-420F-96AA-6F07E98AC1A1}.Debug|Any CPU.Build.0 = Debug|Any CPU
		{BDE7C66D-4AE2-420F-96AA-6F07E98AC1A1}.Release|Any CPU.ActiveCfg = Release|Any CPU
		{BDE7C66D-4AE2-420F-96AA-6F07E98AC1A1}.Release|Any CPU.Build.0 = Release|Any CPU
		{8F717EF7-55D5-4481-8D0D-DE604406997D}.Debug|Any CPU.ActiveCfg = Debug|Any CPU
		{8F717EF7-55D5-4481-8D0D-DE604406997D}.Debug|Any CPU.Build.0 = Debug|Any CPU
		{8F717EF7-55D5-4481-8D0D-DE604406997D}.Release|Any CPU.ActiveCfg = Release|Any CPU
		{8F717EF7-55D5-4481-8D0D-DE604406997D}.Release|Any CPU.Build.0 = Release|Any CPU
		{DFAF5A25-B4CF-4E2D-A13C-08434B1E28A5}.Debug|Any CPU.ActiveCfg = Debug|Any CPU
		{DFAF5A25-B4CF-4E2D-A13C-08434B1E28A5}.Debug|Any CPU.Build.0 = Debug|Any CPU
		{DFAF5A25-B4CF-4E2D-A13C-08434B1E28A5}.Release|Any CPU.ActiveCfg = Release|Any CPU
		{DFAF5A25-B4CF-4E2D-A13C-08434B1E28A5}.Release|Any CPU.Build.0 = Release|Any CPU
		{EE456842-B78F-4B86-91D6-6887755467F8}.Debug|Any CPU.ActiveCfg = Debug|Any CPU
		{EE456842-B78F-4B86-91D6-6887755467F8}.Debug|Any CPU.Build.0 = Debug|Any CPU
		{EE456842-B78F-4B86-91D6-6887755467F8}.Release|Any CPU.ActiveCfg = Release|Any CPU
		{EE456842-B78F-4B86-91D6-6887755467F8}.Release|Any CPU.Build.0 = Release|Any CPU
		{FEF81728-F356-4A1B-8D90-D1472F478D8E}.Debug|Any CPU.ActiveCfg = Debug|Any CPU
		{FEF81728-F356-4A1B-8D90-D1472F478D8E}.Debug|Any CPU.Build.0 = Debug|Any CPU
		{FEF81728-F356-4A1B-8D90-D1472F478D8E}.Release|Any CPU.ActiveCfg = Release|Any CPU
		{FEF81728-F356-4A1B-8D90-D1472F478D8E}.Release|Any CPU.Build.0 = Release|Any CPU
		{DAFF001C-D7A2-46A7-953A-25D837010415}.Debug|Any CPU.ActiveCfg = Debug|Any CPU
		{DAFF001C-D7A2-46A7-953A-25D837010415}.Debug|Any CPU.Build.0 = Debug|Any CPU
		{DAFF001C-D7A2-46A7-953A-25D837010415}.Release|Any CPU.ActiveCfg = Release|Any CPU
		{DAFF001C-D7A2-46A7-953A-25D837010415}.Release|Any CPU.Build.0 = Release|Any CPU
		{B2A9930F-88C8-453E-B305-2326A3DCA5EE}.Debug|Any CPU.ActiveCfg = Debug|Any CPU
		{B2A9930F-88C8-453E-B305-2326A3DCA5EE}.Debug|Any CPU.Build.0 = Debug|Any CPU
		{B2A9930F-88C8-453E-B305-2326A3DCA5EE}.Release|Any CPU.ActiveCfg = Release|Any CPU
		{B2A9930F-88C8-453E-B305-2326A3DCA5EE}.Release|Any CPU.Build.0 = Release|Any CPU
		{C115CA1E-6293-40F2-83EB-DD5A597760AB}.Debug|Any CPU.ActiveCfg = Debug|Any CPU
		{C115CA1E-6293-40F2-83EB-DD5A597760AB}.Debug|Any CPU.Build.0 = Debug|Any CPU
		{C115CA1E-6293-40F2-83EB-DD5A597760AB}.Release|Any CPU.ActiveCfg = Release|Any CPU
		{C115CA1E-6293-40F2-83EB-DD5A597760AB}.Release|Any CPU.Build.0 = Release|Any CPU
		{3E8043B3-40B5-448D-825F-C6DEFA6BF6B4}.Debug|Any CPU.ActiveCfg = Debug|Any CPU
		{3E8043B3-40B5-448D-825F-C6DEFA6BF6B4}.Debug|Any CPU.Build.0 = Debug|Any CPU
		{3E8043B3-40B5-448D-825F-C6DEFA6BF6B4}.Release|Any CPU.ActiveCfg = Release|Any CPU
		{3E8043B3-40B5-448D-825F-C6DEFA6BF6B4}.Release|Any CPU.Build.0 = Release|Any CPU
		{4FB1A537-8E78-4079-A0DE-E98C8F91E3B0}.Debug|Any CPU.ActiveCfg = Debug|Any CPU
		{4FB1A537-8E78-4079-A0DE-E98C8F91E3B0}.Debug|Any CPU.Build.0 = Debug|Any CPU
		{4FB1A537-8E78-4079-A0DE-E98C8F91E3B0}.Release|Any CPU.ActiveCfg = Release|Any CPU
		{4FB1A537-8E78-4079-A0DE-E98C8F91E3B0}.Release|Any CPU.Build.0 = Release|Any CPU
		{C55086BB-7490-49E5-A26A-B5C35A0E7B15}.Debug|Any CPU.ActiveCfg = Debug|Any CPU
		{C55086BB-7490-49E5-A26A-B5C35A0E7B15}.Debug|Any CPU.Build.0 = Debug|Any CPU
		{C55086BB-7490-49E5-A26A-B5C35A0E7B15}.Release|Any CPU.ActiveCfg = Release|Any CPU
		{C55086BB-7490-49E5-A26A-B5C35A0E7B15}.Release|Any CPU.Build.0 = Release|Any CPU
		{F2E964D8-82BD-466E-9787-4FE5D81B5190}.Debug|Any CPU.ActiveCfg = Debug|Any CPU
		{F2E964D8-82BD-466E-9787-4FE5D81B5190}.Debug|Any CPU.Build.0 = Debug|Any CPU
		{F2E964D8-82BD-466E-9787-4FE5D81B5190}.Release|Any CPU.ActiveCfg = Release|Any CPU
		{F2E964D8-82BD-466E-9787-4FE5D81B5190}.Release|Any CPU.Build.0 = Release|Any CPU
		{C667CBAF-E737-41AC-B565-2551EBCF6308}.Debug|Any CPU.ActiveCfg = Debug|Any CPU
		{C667CBAF-E737-41AC-B565-2551EBCF6308}.Debug|Any CPU.Build.0 = Debug|Any CPU
		{C667CBAF-E737-41AC-B565-2551EBCF6308}.Release|Any CPU.ActiveCfg = Release|Any CPU
		{C667CBAF-E737-41AC-B565-2551EBCF6308}.Release|Any CPU.Build.0 = Release|Any CPU
		{7628A5EA-AB19-43BD-83C9-7BF31B0DD30A}.Debug|Any CPU.ActiveCfg = Debug|Any CPU
		{7628A5EA-AB19-43BD-83C9-7BF31B0DD30A}.Debug|Any CPU.Build.0 = Debug|Any CPU
		{7628A5EA-AB19-43BD-83C9-7BF31B0DD30A}.Release|Any CPU.ActiveCfg = Release|Any CPU
		{7628A5EA-AB19-43BD-83C9-7BF31B0DD30A}.Release|Any CPU.Build.0 = Release|Any CPU
		{55798159-A941-4D1D-A245-BAD0B3331A95}.Debug|Any CPU.ActiveCfg = Debug|Any CPU
		{55798159-A941-4D1D-A245-BAD0B3331A95}.Debug|Any CPU.Build.0 = Debug|Any CPU
		{55798159-A941-4D1D-A245-BAD0B3331A95}.Release|Any CPU.ActiveCfg = Release|Any CPU
		{55798159-A941-4D1D-A245-BAD0B3331A95}.Release|Any CPU.Build.0 = Release|Any CPU
		{E0BB170B-4CD9-418A-80EB-092E794FB74D}.Debug|Any CPU.ActiveCfg = Debug|Any CPU
		{E0BB170B-4CD9-418A-80EB-092E794FB74D}.Debug|Any CPU.Build.0 = Debug|Any CPU
		{E0BB170B-4CD9-418A-80EB-092E794FB74D}.Release|Any CPU.ActiveCfg = Release|Any CPU
		{E0BB170B-4CD9-418A-80EB-092E794FB74D}.Release|Any CPU.Build.0 = Release|Any CPU
		{5D1C5842-60A3-4F48-9C07-0CE12EB2606F}.Debug|Any CPU.ActiveCfg = Debug|Any CPU
		{5D1C5842-60A3-4F48-9C07-0CE12EB2606F}.Debug|Any CPU.Build.0 = Debug|Any CPU
		{5D1C5842-60A3-4F48-9C07-0CE12EB2606F}.Release|Any CPU.ActiveCfg = Release|Any CPU
		{5D1C5842-60A3-4F48-9C07-0CE12EB2606F}.Release|Any CPU.Build.0 = Release|Any CPU
		{05E4CF8F-121A-4F0D-B7CB-4FCE9924B877}.Debug|Any CPU.ActiveCfg = Debug|Any CPU
		{05E4CF8F-121A-4F0D-B7CB-4FCE9924B877}.Debug|Any CPU.Build.0 = Debug|Any CPU
		{05E4CF8F-121A-4F0D-B7CB-4FCE9924B877}.Release|Any CPU.ActiveCfg = Release|Any CPU
		{05E4CF8F-121A-4F0D-B7CB-4FCE9924B877}.Release|Any CPU.Build.0 = Release|Any CPU
	EndGlobalSection
	GlobalSection(SolutionProperties) = preSolution
		HideSolutionNode = FALSE
	EndGlobalSection
	GlobalSection(NestedProjects) = preSolution
		{1B4ADACE-3A41-4739-9EC1-9834710C7445} = {B420862E-F125-4BA7-97EE-0023033C4A56}
		{E62F5887-96B9-4259-A973-36D019CE6E41} = {E48AC995-DEC6-4304-A410-B8D1C24313AF}
		{61A31BA5-12BC-414C-BAE0-BA46514B0D77} = {E48AC995-DEC6-4304-A410-B8D1C24313AF}
		{2584E101-EDCF-4D3A-8A65-3CF282C7B89E} = {3E1C4047-045F-435C-AD03-6410CA5FAE3A}
		{7D969DAE-08D9-4B99-BB5C-C7DBA8C45A99} = {3E1C4047-045F-435C-AD03-6410CA5FAE3A}
		{B313AEF2-4D14-4108-9C15-88272450D1A3} = {3E1C4047-045F-435C-AD03-6410CA5FAE3A}
		{AA0515F3-B697-44FC-80EE-87EE530ED02D} = {C7FAD414-C523-460C-B81E-97868A87F916}
		{7F6C03A9-5221-4B01-B1CA-36F078227D74} = {C7FAD414-C523-460C-B81E-97868A87F916}
		{3E66AC49-1356-40FF-9D22-290DBF1B8EE7} = {C7FAD414-C523-460C-B81E-97868A87F916}
		{BDE7C66D-4AE2-420F-96AA-6F07E98AC1A1} = {C7FAD414-C523-460C-B81E-97868A87F916}
		{8F717EF7-55D5-4481-8D0D-DE604406997D} = {C7FAD414-C523-460C-B81E-97868A87F916}
		{DFAF5A25-B4CF-4E2D-A13C-08434B1E28A5} = {EB29A39D-02F3-47A3-A496-838D09A45C7D}
		{EE456842-B78F-4B86-91D6-6887755467F8} = {EB29A39D-02F3-47A3-A496-838D09A45C7D}
		{FEF81728-F356-4A1B-8D90-D1472F478D8E} = {EB29A39D-02F3-47A3-A496-838D09A45C7D}
		{DAFF001C-D7A2-46A7-953A-25D837010415} = {0638E0A7-2809-4653-8BC4-9CA1572E46B5}
		{B2A9930F-88C8-453E-B305-2326A3DCA5EE} = {0638E0A7-2809-4653-8BC4-9CA1572E46B5}
		{C115CA1E-6293-40F2-83EB-DD5A597760AB} = {0638E0A7-2809-4653-8BC4-9CA1572E46B5}
		{3E8043B3-40B5-448D-825F-C6DEFA6BF6B4} = {0638E0A7-2809-4653-8BC4-9CA1572E46B5}
		{4FB1A537-8E78-4079-A0DE-E98C8F91E3B0} = {017104F6-C4E4-458A-A3A2-32BB2DA776F0}
		{C55086BB-7490-49E5-A26A-B5C35A0E7B15} = {017104F6-C4E4-458A-A3A2-32BB2DA776F0}
		{F2E964D8-82BD-466E-9787-4FE5D81B5190} = {017104F6-C4E4-458A-A3A2-32BB2DA776F0}
		{C667CBAF-E737-41AC-B565-2551EBCF6308} = {017104F6-C4E4-458A-A3A2-32BB2DA776F0}
		{7628A5EA-AB19-43BD-83C9-7BF31B0DD30A} = {017104F6-C4E4-458A-A3A2-32BB2DA776F0}
		{55798159-A941-4D1D-A245-BAD0B3331A95} = {0B72468F-2B55-4790-B08B-9D0ADCB539E2}
		{E0BB170B-4CD9-418A-80EB-092E794FB74D} = {0B72468F-2B55-4790-B08B-9D0ADCB539E2}
		{5D1C5842-60A3-4F48-9C07-0CE12EB2606F} = {0B72468F-2B55-4790-B08B-9D0ADCB539E2}
		{05E4CF8F-121A-4F0D-B7CB-4FCE9924B877} = {0B72468F-2B55-4790-B08B-9D0ADCB539E2}
	EndGlobalSection
	GlobalSection(ExtensibilityGlobals) = postSolution
		SolutionGuid = {8DE16433-72D2-405C-874D-1AF7C6C48BF0}
	EndGlobalSection
EndGlobal
